// !$*UTF8*$!
{
	archiveVersion = 1;
	classes = {
	};
	objectVersion = 50;
	objects = {

/* Begin PBXBuildFile section */
		25450A2D24F0C7CD0046CCE2 /* AppDelegate.swift in Sources */ = {isa = PBXBuildFile; fileRef = 25450A2C24F0C7CD0046CCE2 /* AppDelegate.swift */; };
		25450A2F24F0C7CD0046CCE2 /* SceneDelegate.swift in Sources */ = {isa = PBXBuildFile; fileRef = 25450A2E24F0C7CD0046CCE2 /* SceneDelegate.swift */; };
		25450A3124F0C7CD0046CCE2 /* ViewController.swift in Sources */ = {isa = PBXBuildFile; fileRef = 25450A3024F0C7CD0046CCE2 /* ViewController.swift */; };
		25450A3424F0C7CD0046CCE2 /* Main.storyboard in Resources */ = {isa = PBXBuildFile; fileRef = 25450A3224F0C7CD0046CCE2 /* Main.storyboard */; };
		25450A3624F0C7D20046CCE2 /* Assets.xcassets in Resources */ = {isa = PBXBuildFile; fileRef = 25450A3524F0C7D20046CCE2 /* Assets.xcassets */; };
		25450A3924F0C7D20046CCE2 /* LaunchScreen.storyboard in Resources */ = {isa = PBXBuildFile; fileRef = 25450A3724F0C7D20046CCE2 /* LaunchScreen.storyboard */; };
/* End PBXBuildFile section */

/* Begin PBXFileReference section */
		25450A2924F0C7CD0046CCE2 /* BetterClicker.app */ = {isa = PBXFileReference; explicitFileType = wrapper.application; includeInIndex = 0; path = BetterClicker.app; sourceTree = BUILT_PRODUCTS_DIR; };
		25450A2C24F0C7CD0046CCE2 /* AppDelegate.swift */ = {isa = PBXFileReference; lastKnownFileType = sourcecode.swift; path = AppDelegate.swift; sourceTree = "<group>"; };
		25450A2E24F0C7CD0046CCE2 /* SceneDelegate.swift */ = {isa = PBXFileReference; lastKnownFileType = sourcecode.swift; path = SceneDelegate.swift; sourceTree = "<group>"; };
		25450A3024F0C7CD0046CCE2 /* ViewController.swift */ = {isa = PBXFileReference; lastKnownFileType = sourcecode.swift; path = ViewController.swift; sourceTree = "<group>"; };
		25450A3324F0C7CD0046CCE2 /* Base */ = {isa = PBXFileReference; lastKnownFileType = file.storyboard; name = Base; path = Base.lproj/Main.storyboard; sourceTree = "<group>"; };
		25450A3524F0C7D20046CCE2 /* Assets.xcassets */ = {isa = PBXFileReference; lastKnownFileType = folder.assetcatalog; path = Assets.xcassets; sourceTree = "<group>"; };
		25450A3824F0C7D20046CCE2 /* Base */ = {isa = PBXFileReference; lastKnownFileType = file.storyboard; name = Base; path = Base.lproj/LaunchScreen.storyboard; sourceTree = "<group>"; };
		25450A3A24F0C7D20046CCE2 /* Info.plist */ = {isa = PBXFileReference; lastKnownFileType = text.plist.xml; path = Info.plist; sourceTree = "<group>"; };
/* End PBXFileReference section */

/* Begin PBXFrameworksBuildPhase section */
		25450A2624F0C7CC0046CCE2 /* Frameworks */ = {
			isa = PBXFrameworksBuildPhase;
			buildActionMask = 2147483647;
			files = (
			);
			runOnlyForDeploymentPostprocessing = 0;
		};
/* End PBXFrameworksBuildPhase section */

/* Begin PBXGroup section */
		25450A2024F0C7CC0046CCE2 = {
			isa = PBXGroup;
			children = (
				25450A2B24F0C7CD0046CCE2 /* BetterClicker */,
				25450A2A24F0C7CD0046CCE2 /* Products */,
			);
			sourceTree = "<group>";
		};
		25450A2A24F0C7CD0046CCE2 /* Products */ = {
			isa = PBXGroup;
			children = (
				25450A2924F0C7CD0046CCE2 /* BetterClicker.app */,
			);
			name = Products;
			sourceTree = "<group>";
		};
		25450A2B24F0C7CD0046CCE2 /* BetterClicker */ = {
			isa = PBXGroup;
			children = (
				25450A2C24F0C7CD0046CCE2 /* AppDelegate.swift */,
				25450A2E24F0C7CD0046CCE2 /* SceneDelegate.swift */,
				25450A3024F0C7CD0046CCE2 /* ViewController.swift */,
				25450A3224F0C7CD0046CCE2 /* Main.storyboard */,
				25450A3524F0C7D20046CCE2 /* Assets.xcassets */,
				25450A3724F0C7D20046CCE2 /* LaunchScreen.storyboard */,
				25450A3A24F0C7D20046CCE2 /* Info.plist */,
			);
			path = BetterClicker;
			sourceTree = "<group>";
		};
/* End PBXGroup section */

/* Begin PBXNativeTarget section */
		25450A2824F0C7CC0046CCE2 /* BetterClicker */ = {
			isa = PBXNativeTarget;
			buildConfigurationList = 25450A3D24F0C7D20046CCE2 /* Build configuration list for PBXNativeTarget "BetterClicker" */;
			buildPhases = (
				25450A2524F0C7CC0046CCE2 /* Sources */,
				25450A2624F0C7CC0046CCE2 /* Frameworks */,
				25450A2724F0C7CC0046CCE2 /* Resources */,
			);
			buildRules = (
			);
			dependencies = (
			);
			name = BetterClicker;
			productName = BetterClicker;
			productReference = 25450A2924F0C7CD0046CCE2 /* BetterClicker.app */;
			productType = "com.apple.product-type.application";
		};
/* End PBXNativeTarget section */

/* Begin PBXProject section */
		25450A2124F0C7CC0046CCE2 /* Project object */ = {
			isa = PBXProject;
			attributes = {
				LastSwiftUpdateCheck = 1160;
				LastUpgradeCheck = 1160;
				ORGANIZATIONNAME = "Swift Accelerator";
				TargetAttributes = {
					25450A2824F0C7CC0046CCE2 = {
						CreatedOnToolsVersion = 11.6;
					};
				};
			};
			buildConfigurationList = 25450A2424F0C7CC0046CCE2 /* Build configuration list for PBXProject "BetterClicker" */;
			compatibilityVersion = "Xcode 9.3";
			developmentRegion = en;
			hasScannedForEncodings = 0;
			knownRegions = (
				en,
				Base,
			);
			mainGroup = 25450A2024F0C7CC0046CCE2;
			productRefGroup = 25450A2A24F0C7CD0046CCE2 /* Products */;
			projectDirPath = "";
			projectRoot = "";
			targets = (
				25450A2824F0C7CC0046CCE2 /* BetterClicker */,
			);
		};
/* End PBXProject section */

/* Begin PBXResourcesBuildPhase section */
		25450A2724F0C7CC0046CCE2 /* Resources */ = {
			isa = PBXResourcesBuildPhase;
			buildActionMask = 2147483647;
			files = (
				25450A3924F0C7D20046CCE2 /* LaunchScreen.storyboard in Resources */,
				25450A3624F0C7D20046CCE2 /* Assets.xcassets in Resources */,
				25450A3424F0C7CD0046CCE2 /* Main.storyboard in Resources */,
			);
			runOnlyForDeploymentPostprocessing = 0;
		};
/* End PBXResourcesBuildPhase section */

/* Begin PBXSourcesBuildPhase section */
		25450A2524F0C7CC0046CCE2 /* Sources */ = {
			isa = PBXSourcesBuildPhase;
			buildActionMask = 2147483647;
			files = (
				25450A3124F0C7CD0046CCE2 /* ViewController.swift in Sources */,
				25450A2D24F0C7CD0046CCE2 /* AppDelegate.swift in Sources */,
				25450A2F24F0C7CD0046CCE2 /* SceneDelegate.swift in Sources */,
			);
			runOnlyForDeploymentPostprocessing = 0;
		};
/* End PBXSourcesBuildPhase section */

/* Begin PBXVariantGroup section */
		25450A3224F0C7CD0046CCE2 /* Main.storyboard */ = {
			isa = PBXVariantGroup;
			children = (
				25450A3324F0C7CD0046CCE2 /* Base */,
			);
			name = Main.storyboard;
			sourceTree = "<group>";
		};
		25450A3724F0C7D20046CCE2 /* LaunchScreen.storyboard */ = {
			isa = PBXVariantGroup;
			children = (
				25450A3824F0C7D20046CCE2 /* Base */,
			);
			name = LaunchScreen.storyboard;
			sourceTree = "<group>";
		};
/* End PBXVariantGroup section */

/* Begin XCBuildConfiguration section */
		25450A3B24F0C7D20046CCE2 /* Debug */ = {
			isa = XCBuildConfiguration;
			buildSettings = {
				ALWAYS_SEARCH_USER_PATHS = NO;
				CLANG_ANALYZER_NONNULL = YES;
				CLANG_ANALYZER_NUMBER_OBJECT_CONVERSION = YES_AGGRESSIVE;
				CLANG_CXX_LANGUAGE_STANDARD = "gnu++14";
				CLANG_CXX_LIBRARY = "libc++";
				CLANG_ENABLE_MODULES = YES;
				CLANG_ENABLE_OBJC_ARC = YES;
				CLANG_ENABLE_OBJC_WEAK = YES;
				CLANG_WARN_BLOCK_CAPTURE_AUTORELEASING = YES;
				CLANG_WARN_BOOL_CONVERSION = YES;
				CLANG_WARN_COMMA = YES;
				CLANG_WARN_CONSTANT_CONVERSION = YES;
				CLANG_WARN_DEPRECATED_OBJC_IMPLEMENTATIONS = YES;
				CLANG_WARN_DIRECT_OBJC_ISA_USAGE = YES_ERROR;
				CLANG_WARN_DOCUMENTATION_COMMENTS = YES;
				CLANG_WARN_EMPTY_BODY = YES;
				CLANG_WARN_ENUM_CONVERSION = YES;
				CLANG_WARN_INFINITE_RECURSION = YES;
				CLANG_WARN_INT_CONVERSION = YES;
				CLANG_WARN_NON_LITERAL_NULL_CONVERSION = YES;
				CLANG_WARN_OBJC_IMPLICIT_RETAIN_SELF = YES;
				CLANG_WARN_OBJC_LITERAL_CONVERSION = YES;
				CLANG_WARN_OBJC_ROOT_CLASS = YES_ERROR;
				CLANG_WARN_RANGE_LOOP_ANALYSIS = YES;
				CLANG_WARN_STRICT_PROTOTYPES = YES;
				CLANG_WARN_SUSPICIOUS_MOVE = YES;
				CLANG_WARN_UNGUARDED_AVAILABILITY = YES_AGGRESSIVE;
				CLANG_WARN_UNREACHABLE_CODE = YES;
				CLANG_WARN__DUPLICATE_METHOD_MATCH = YES;
				COPY_PHASE_STRIP = NO;
				DEBUG_INFORMATION_FORMAT = dwarf;
				ENABLE_STRICT_OBJC_MSGSEND = YES;
				ENABLE_TESTABILITY = YES;
				GCC_C_LANGUAGE_STANDARD = gnu11;
				GCC_DYNAMIC_NO_PIC = NO;
				GCC_NO_COMMON_BLOCKS = YES;
				GCC_OPTIMIZATION_LEVEL = 0;
				GCC_PREPROCESSOR_DEFINITIONS = (
					"DEBUG=1",
					"$(inherited)",
				);
				GCC_WARN_64_TO_32_BIT_CONVERSION = YES;
				GCC_WARN_ABOUT_RETURN_TYPE = YES_ERROR;
				GCC_WARN_UNDECLARED_SELECTOR = YES;
				GCC_WARN_UNINITIALIZED_AUTOS = YES_AGGRESSIVE;
				GCC_WARN_UNUSED_FUNCTION = YES;
				GCC_WARN_UNUSED_VARIABLE = YES;
				IPHONEOS_DEPLOYMENT_TARGET = 13.6;
				MTL_ENABLE_DEBUG_INFO = INCLUDE_SOURCE;
				MTL_FAST_MATH = YES;
				ONLY_ACTIVE_ARCH = YES;
				SDKROOT = iphoneos;
				SWIFT_ACTIVE_COMPILATION_CONDITIONS = DEBUG;
				SWIFT_OPTIMIZATION_LEVEL = "-Onone";
			};
			name = Debug;
		};
		25450A3C24F0C7D20046CCE2 /* Release */ = {
			isa = XCBuildConfiguration;
			buildSettings = {
				ALWAYS_SEARCH_USER_PATHS = NO;
				CLANG_ANALYZER_NONNULL = YES;
				CLANG_ANALYZER_NUMBER_OBJECT_CONVERSION = YES_AGGRESSIVE;
				CLANG_CXX_LANGUAGE_STANDARD = "gnu++14";
				CLANG_CXX_LIBRARY = "libc++";
				CLANG_ENABLE_MODULES = YES;
				CLANG_ENABLE_OBJC_ARC = YES;
				CLANG_ENABLE_OBJC_WEAK = YES;
				CLANG_WARN_BLOCK_CAPTURE_AUTORELEASING = YES;
				CLANG_WARN_BOOL_CONVERSION = YES;
				CLANG_WARN_COMMA = YES;
				CLANG_WARN_CONSTANT_CONVERSION = YES;
				CLANG_WARN_DEPRECATED_OBJC_IMPLEMENTATIONS = YES;
				CLANG_WARN_DIRECT_OBJC_ISA_USAGE = YES_ERROR;
				CLANG_WARN_DOCUMENTATION_COMMENTS = YES;
				CLANG_WARN_EMPTY_BODY = YES;
				CLANG_WARN_ENUM_CONVERSION = YES;
				CLANG_WARN_INFINITE_RECURSION = YES;
				CLANG_WARN_INT_CONVERSION = YES;
				CLANG_WARN_NON_LITERAL_NULL_CONVERSION = YES;
				CLANG_WARN_OBJC_IMPLICIT_RETAIN_SELF = YES;
				CLANG_WARN_OBJC_LITERAL_CONVERSION = YES;
				CLANG_WARN_OBJC_ROOT_CLASS = YES_ERROR;
				CLANG_WARN_RANGE_LOOP_ANALYSIS = YES;
				CLANG_WARN_STRICT_PROTOTYPES = YES;
				CLANG_WARN_SUSPICIOUS_MOVE = YES;
				CLANG_WARN_UNGUARDED_AVAILABILITY = YES_AGGRESSIVE;
				CLANG_WARN_UNREACHABLE_CODE = YES;
				CLANG_WARN__DUPLICATE_METHOD_MATCH = YES;
				COPY_PHASE_STRIP = NO;
				DEBUG_INFORMATION_FORMAT = "dwarf-with-dsym";
				ENABLE_NS_ASSERTIONS = NO;
				ENABLE_STRICT_OBJC_MSGSEND = YES;
				GCC_C_LANGUAGE_STANDARD = gnu11;
				GCC_NO_COMMON_BLOCKS = YES;
				GCC_WARN_64_TO_32_BIT_CONVERSION = YES;
				GCC_WARN_ABOUT_RETURN_TYPE = YES_ERROR;
				GCC_WARN_UNDECLARED_SELECTOR = YES;
				GCC_WARN_UNINITIALIZED_AUTOS = YES_AGGRESSIVE;
				GCC_WARN_UNUSED_FUNCTION = YES;
				GCC_WARN_UNUSED_VARIABLE = YES;
				IPHONEOS_DEPLOYMENT_TARGET = 13.6;
				MTL_ENABLE_DEBUG_INFO = NO;
				MTL_FAST_MATH = YES;
				SDKROOT = iphoneos;
				SWIFT_COMPILATION_MODE = wholemodule;
				SWIFT_OPTIMIZATION_LEVEL = "-O";
				VALIDATE_PRODUCT = YES;
			};
			name = Release;
		};
		25450A3E24F0C7D20046CCE2 /* Debug */ = {
			isa = XCBuildConfiguration;
			buildSettings = {
				ASSETCATALOG_COMPILER_APPICON_NAME = AppIcon;
				CODE_SIGN_STYLE = Automatic;
				DEVELOPMENT_TEAM = L3JTXP2VQN;
				INFOPLIST_FILE = BetterClicker/Info.plist;
				LD_RUNPATH_SEARCH_PATHS = (
					"$(inherited)",
					"@executable_path/Frameworks",
				);
				PRODUCT_BUNDLE_IDENTIFIER = sg.edu.SAP.BetterClicker;
				PRODUCT_NAME = "$(TARGET_NAME)";
				SWIFT_VERSION = 5.0;
				TARGETED_DEVICE_FAMILY = "1,2";
			};
			name = Debug;
		};
		25450A3F24F0C7D20046CCE2 /* Release */ = {
			isa = XCBuildConfiguration;
			buildSettings = {
				ASSETCATALOG_COMPILER_APPICON_NAME = AppIcon;
				CODE_SIGN_STYLE = Automatic;
				DEVELOPMENT_TEAM = L3JTXP2VQN;
				INFOPLIST_FILE = BetterClicker/Info.plist;
				LD_RUNPATH_SEARCH_PATHS = (
					"$(inherited)",
					"@executable_path/Frameworks",
				);
				PRODUCT_BUNDLE_IDENTIFIER = sg.edu.SAP.BetterClicker;
				PRODUCT_NAME = "$(TARGET_NAME)";
				SWIFT_VERSION = 5.0;
				TARGETED_DEVICE_FAMILY = "1,2";
			};
			name = Release;
		};
/* End XCBuildConfiguration section */

/* Begin XCConfigurationList section */
		25450A2424F0C7CC0046CCE2 /* Build configuration list for PBXProject "BetterClicker" */ = {
			isa = XCConfigurationList;
			buildConfigurations = (
				25450A3B24F0C7D20046CCE2 /* Debug */,
				25450A3C24F0C7D20046CCE2 /* Release */,
			);
			defaultConfigurationIsVisible = 0;
			defaultConfigurationName = Release;
		};
		25450A3D24F0C7D20046CCE2 /* Build configuration list for PBXNativeTarget "BetterClicker" */ = {
			isa = XCConfigurationList;
			buildConfigurations = (
				25450A3E24F0C7D20046CCE2 /* Debug */,
				25450A3F24F0C7D20046CCE2 /* Release */,
			);
			defaultConfigurationIsVisible = 0;
			defaultConfigurationName = Release;
		};
/* End XCConfigurationList section */
	};
	rootObject = 25450A2124F0C7CC0046CCE2 /* Project object */;
}
